
Microsoft Visual Studio Solution File, Format Version 12.00
# Visual Studio Version 17
VisualStudioVersion = 17.13.35931.197 d17.13
MinimumVisualStudioVersion = 10.0.40219.1
Project("{F2A71F9B-5D33-465A-A702-920D77279786}") = "SportShopping", "SportShopping\SportShopping.fsproj", "{DEC119DC-122C-41FC-A6E4-C9884D756E23}"
EndProject
Global
	GlobalSection(SolutionConfigurationPlatforms) = preSolution
		Debug|Any CPU = Debug|Any CPU
		Release|Any CPU = Release|Any CPU
	EndGlobalSection
	GlobalSection(ProjectConfigurationPlatforms) = postSolution
		{DEC119DC-122C-41FC-A6E4-C9884D756E23}.Debug|Any CPU.ActiveCfg = Debug|Any CPU
		{DEC119DC-122C-41FC-A6E4-C9884D756E23}.Debug|Any CPU.Build.0 = Debug|Any CPU
		{DEC119DC-122C-41FC-A6E4-C9884D756E23}.Release|Any CPU.ActiveCfg = Release|Any CPU
		{DEC119DC-122C-41FC-A6E4-C9884D756E23}.Release|Any CPU.Build.0 = Release|Any CPU
	EndGlobalSection
	GlobalSection(SolutionProperties) = preSolution
		HideSolutionNode = FALSE
	EndGlobalSection
	GlobalSection(ExtensibilityGlobals) = postSolution
		SolutionGuid = {0FA515EE-8668-4BE4-903D-69A738023F90}
	EndGlobalSection
EndGlobal
